// !$*UTF8*$!
{
	archiveVersion = 1;
	classes = {
	};
	objectVersion = 56;
	objects = {

/* Begin PBXBuildFile section */
		DEE6D1B62B569F3F00C149A2 /* CryptoApp_SwiftUIApp.swift in Sources */ = {isa = PBXBuildFile; fileRef = DEE6D1B52B569F3F00C149A2 /* CryptoApp_SwiftUIApp.swift */; };
		DEE6D1B82B569F3F00C149A2 /* ContentView.swift in Sources */ = {isa = PBXBuildFile; fileRef = DEE6D1B72B569F3F00C149A2 /* ContentView.swift */; };
		DEE6D1BD2B569F4000C149A2 /* Preview Assets.xcassets in Resources */ = {isa = PBXBuildFile; fileRef = DEE6D1BC2B569F4000C149A2 /* Preview Assets.xcassets */; };
		DEE6D1C42B56A02000C149A2 /* Assets.xcassets in Resources */ = {isa = PBXBuildFile; fileRef = DEE6D1C32B56A02000C149A2 /* Assets.xcassets */; };
		DEE6D1C72B56A05E00C149A2 /* Color+Ext.swift in Sources */ = {isa = PBXBuildFile; fileRef = DEE6D1C62B56A05E00C149A2 /* Color+Ext.swift */; };
		DEE6D1CD2B56A20300C149A2 /* HomeView.swift in Sources */ = {isa = PBXBuildFile; fileRef = DEE6D1CC2B56A20300C149A2 /* HomeView.swift */; };
		DEE6D1D12B56AB8F00C149A2 /* CircleButtonView.swift in Sources */ = {isa = PBXBuildFile; fileRef = DEE6D1D02B56AB8F00C149A2 /* CircleButtonView.swift */; };
		DEE6D1D32B56AF0600C149A2 /* CircleButtonAnimationView.swift in Sources */ = {isa = PBXBuildFile; fileRef = DEE6D1D22B56AF0600C149A2 /* CircleButtonAnimationView.swift */; };
		DEE6D1D62B56B42C00C149A2 /* CoinModel.swift in Sources */ = {isa = PBXBuildFile; fileRef = DEE6D1D52B56B42C00C149A2 /* CoinModel.swift */; };
		DEE6D1D82B56C0AC00C149A2 /* CoinRowView.swift in Sources */ = {isa = PBXBuildFile; fileRef = DEE6D1D72B56C0AC00C149A2 /* CoinRowView.swift */; };
		DEE6D1DA2B56C11400C149A2 /* PreviewProvider+Ext.swift in Sources */ = {isa = PBXBuildFile; fileRef = DEE6D1D92B56C11400C149A2 /* PreviewProvider+Ext.swift */; };
		DEE6D1DC2B56C99C00C149A2 /* Double+Ext.swift in Sources */ = {isa = PBXBuildFile; fileRef = DEE6D1DB2B56C99C00C149A2 /* Double+Ext.swift */; };
/* End PBXBuildFile section */

/* Begin PBXFileReference section */
		DEE6D1B22B569F3F00C149A2 /* CryptoApp-SwiftUI.app */ = {isa = PBXFileReference; explicitFileType = wrapper.application; includeInIndex = 0; path = "CryptoApp-SwiftUI.app"; sourceTree = BUILT_PRODUCTS_DIR; };
		DEE6D1B52B569F3F00C149A2 /* CryptoApp_SwiftUIApp.swift */ = {isa = PBXFileReference; lastKnownFileType = sourcecode.swift; path = CryptoApp_SwiftUIApp.swift; sourceTree = "<group>"; };
		DEE6D1B72B569F3F00C149A2 /* ContentView.swift */ = {isa = PBXFileReference; lastKnownFileType = sourcecode.swift; path = ContentView.swift; sourceTree = "<group>"; };
		DEE6D1BC2B569F4000C149A2 /* Preview Assets.xcassets */ = {isa = PBXFileReference; lastKnownFileType = folder.assetcatalog; path = "Preview Assets.xcassets"; sourceTree = "<group>"; };
		DEE6D1C32B56A02000C149A2 /* Assets.xcassets */ = {isa = PBXFileReference; lastKnownFileType = folder.assetcatalog; name = Assets.xcassets; path = ../../../../Downloads/Resources/Assets.xcassets; sourceTree = "<group>"; };
		DEE6D1C62B56A05E00C149A2 /* Color+Ext.swift */ = {isa = PBXFileReference; lastKnownFileType = sourcecode.swift; path = "Color+Ext.swift"; sourceTree = "<group>"; };
		DEE6D1CC2B56A20300C149A2 /* HomeView.swift */ = {isa = PBXFileReference; lastKnownFileType = sourcecode.swift; path = HomeView.swift; sourceTree = "<group>"; };
		DEE6D1D02B56AB8F00C149A2 /* CircleButtonView.swift */ = {isa = PBXFileReference; lastKnownFileType = sourcecode.swift; path = CircleButtonView.swift; sourceTree = "<group>"; };
		DEE6D1D22B56AF0600C149A2 /* CircleButtonAnimationView.swift */ = {isa = PBXFileReference; lastKnownFileType = sourcecode.swift; path = CircleButtonAnimationView.swift; sourceTree = "<group>"; };
		DEE6D1D52B56B42C00C149A2 /* CoinModel.swift */ = {isa = PBXFileReference; lastKnownFileType = sourcecode.swift; path = CoinModel.swift; sourceTree = "<group>"; };
		DEE6D1D72B56C0AC00C149A2 /* CoinRowView.swift */ = {isa = PBXFileReference; lastKnownFileType = sourcecode.swift; path = CoinRowView.swift; sourceTree = "<group>"; };
		DEE6D1D92B56C11400C149A2 /* PreviewProvider+Ext.swift */ = {isa = PBXFileReference; lastKnownFileType = sourcecode.swift; path = "PreviewProvider+Ext.swift"; sourceTree = "<group>"; };
		DEE6D1DB2B56C99C00C149A2 /* Double+Ext.swift */ = {isa = PBXFileReference; lastKnownFileType = sourcecode.swift; path = "Double+Ext.swift"; sourceTree = "<group>"; };
/* End PBXFileReference section */

/* Begin PBXFrameworksBuildPhase section */
		DEE6D1AF2B569F3F00C149A2 /* Frameworks */ = {
			isa = PBXFrameworksBuildPhase;
			buildActionMask = 2147483647;
			files = (
			);
			runOnlyForDeploymentPostprocessing = 0;
		};
/* End PBXFrameworksBuildPhase section */

/* Begin PBXGroup section */
		DEE6D1A92B569F3E00C149A2 = {
			isa = PBXGroup;
			children = (
				DEE6D1B42B569F3F00C149A2 /* CryptoApp-SwiftUI */,
				DEE6D1B32B569F3F00C149A2 /* Products */,
			);
			sourceTree = "<group>";
		};
		DEE6D1B32B569F3F00C149A2 /* Products */ = {
			isa = PBXGroup;
			children = (
				DEE6D1B22B569F3F00C149A2 /* CryptoApp-SwiftUI.app */,
			);
			name = Products;
			sourceTree = "<group>";
		};
		DEE6D1B42B569F3F00C149A2 /* CryptoApp-SwiftUI */ = {
			isa = PBXGroup;
			children = (
				DEE6D1D42B56B40E00C149A2 /* Model */,
				DEE6D1C52B56A05100C149A2 /* Extensions */,
				DEE6D1C82B56A1D000C149A2 /* Core */,
				DEE6D1B52B569F3F00C149A2 /* CryptoApp_SwiftUIApp.swift */,
				DEE6D1B72B569F3F00C149A2 /* ContentView.swift */,
				DEE6D1C32B56A02000C149A2 /* Assets.xcassets */,
				DEE6D1BB2B569F4000C149A2 /* Preview Content */,
			);
			path = "CryptoApp-SwiftUI";
			sourceTree = "<group>";
		};
		DEE6D1BB2B569F4000C149A2 /* Preview Content */ = {
			isa = PBXGroup;
			children = (
				DEE6D1BC2B569F4000C149A2 /* Preview Assets.xcassets */,
			);
			path = "Preview Content";
			sourceTree = "<group>";
		};
		DEE6D1C52B56A05100C149A2 /* Extensions */ = {
			isa = PBXGroup;
			children = (
				DEE6D1C62B56A05E00C149A2 /* Color+Ext.swift */,
				DEE6D1D92B56C11400C149A2 /* PreviewProvider+Ext.swift */,
				DEE6D1DB2B56C99C00C149A2 /* Double+Ext.swift */,
			);
			path = Extensions;
			sourceTree = "<group>";
		};
		DEE6D1C82B56A1D000C149A2 /* Core */ = {
			isa = PBXGroup;
			children = (
				DEE6D1CE2B56AB5500C149A2 /* Components */,
				DEE6D1C92B56A1E200C149A2 /* Home */,
			);
			path = Core;
			sourceTree = "<group>";
		};
		DEE6D1C92B56A1E200C149A2 /* Home */ = {
			isa = PBXGroup;
			children = (
				DEE6D1CB2B56A1F200C149A2 /* ViewModels */,
				DEE6D1CA2B56A1ED00C149A2 /* Views */,
			);
			path = Home;
			sourceTree = "<group>";
		};
		DEE6D1CA2B56A1ED00C149A2 /* Views */ = {
			isa = PBXGroup;
			children = (
				DEE6D1CC2B56A20300C149A2 /* HomeView.swift */,
				DEE6D1D72B56C0AC00C149A2 /* CoinRowView.swift */,
			);
			path = Views;
			sourceTree = "<group>";
		};
		DEE6D1CB2B56A1F200C149A2 /* ViewModels */ = {
			isa = PBXGroup;
			children = (
			);
			path = ViewModels;
			sourceTree = "<group>";
		};
		DEE6D1CE2B56AB5500C149A2 /* Components */ = {
			isa = PBXGroup;
			children = (
				DEE6D1CF2B56AB6C00C149A2 /* CircleButton */,
			);
			path = Components;
			sourceTree = "<group>";
		};
		DEE6D1CF2B56AB6C00C149A2 /* CircleButton */ = {
			isa = PBXGroup;
			children = (
				DEE6D1D02B56AB8F00C149A2 /* CircleButtonView.swift */,
				DEE6D1D22B56AF0600C149A2 /* CircleButtonAnimationView.swift */,
			);
			path = CircleButton;
			sourceTree = "<group>";
		};
		DEE6D1D42B56B40E00C149A2 /* Model */ = {
			isa = PBXGroup;
			children = (
				DEE6D1D52B56B42C00C149A2 /* CoinModel.swift */,
			);
			path = Model;
			sourceTree = "<group>";
		};
/* End PBXGroup section */

/* Begin PBXNativeTarget section */
		DEE6D1B12B569F3F00C149A2 /* CryptoApp-SwiftUI */ = {
			isa = PBXNativeTarget;
			buildConfigurationList = DEE6D1C02B569F4000C149A2 /* Build configuration list for PBXNativeTarget "CryptoApp-SwiftUI" */;
			buildPhases = (
				DEE6D1AE2B569F3F00C149A2 /* Sources */,
				DEE6D1AF2B569F3F00C149A2 /* Frameworks */,
				DEE6D1B02B569F3F00C149A2 /* Resources */,
			);
			buildRules = (
			);
			dependencies = (
			);
			name = "CryptoApp-SwiftUI";
			productName = "CryptoApp-SwiftUI";
			productReference = DEE6D1B22B569F3F00C149A2 /* CryptoApp-SwiftUI.app */;
			productType = "com.apple.product-type.application";
		};
/* End PBXNativeTarget section */

/* Begin PBXProject section */
		DEE6D1AA2B569F3E00C149A2 /* Project object */ = {
			isa = PBXProject;
			attributes = {
				BuildIndependentTargetsInParallel = 1;
				LastSwiftUpdateCheck = 1500;
				LastUpgradeCheck = 1500;
				TargetAttributes = {
					DEE6D1B12B569F3F00C149A2 = {
						CreatedOnToolsVersion = 15.0;
					};
				};
			};
			buildConfigurationList = DEE6D1AD2B569F3E00C149A2 /* Build configuration list for PBXProject "CryptoApp-SwiftUI" */;
			compatibilityVersion = "Xcode 14.0";
			developmentRegion = en;
			hasScannedForEncodings = 0;
			knownRegions = (
				en,
				Base,
			);
			mainGroup = DEE6D1A92B569F3E00C149A2;
			productRefGroup = DEE6D1B32B569F3F00C149A2 /* Products */;
			projectDirPath = "";
			projectRoot = "";
			targets = (
				DEE6D1B12B569F3F00C149A2 /* CryptoApp-SwiftUI */,
			);
		};
/* End PBXProject section */

/* Begin PBXResourcesBuildPhase section */
		DEE6D1B02B569F3F00C149A2 /* Resources */ = {
			isa = PBXResourcesBuildPhase;
			buildActionMask = 2147483647;
			files = (
				DEE6D1BD2B569F4000C149A2 /* Preview Assets.xcassets in Resources */,
				DEE6D1C42B56A02000C149A2 /* Assets.xcassets in Resources */,
			);
			runOnlyForDeploymentPostprocessing = 0;
		};
/* End PBXResourcesBuildPhase section */

/* Begin PBXSourcesBuildPhase section */
		DEE6D1AE2B569F3F00C149A2 /* Sources */ = {
			isa = PBXSourcesBuildPhase;
			buildActionMask = 2147483647;
			files = (
				DEE6D1D82B56C0AC00C149A2 /* CoinRowView.swift in Sources */,
				DEE6D1B82B569F3F00C149A2 /* ContentView.swift in Sources */,
				DEE6D1CD2B56A20300C149A2 /* HomeView.swift in Sources */,
				DEE6D1B62B569F3F00C149A2 /* CryptoApp_SwiftUIApp.swift in Sources */,
				DEE6D1DC2B56C99C00C149A2 /* Double+Ext.swift in Sources */,
				DEE6D1DA2B56C11400C149A2 /* PreviewProvider+Ext.swift in Sources */,
				DEE6D1D12B56AB8F00C149A2 /* CircleButtonView.swift in Sources */,
				DEE6D1C72B56A05E00C149A2 /* Color+Ext.swift in Sources */,
				DEE6D1D32B56AF0600C149A2 /* CircleButtonAnimationView.swift in Sources */,
				DEE6D1D62B56B42C00C149A2 /* CoinModel.swift in Sources */,
			);
			runOnlyForDeploymentPostprocessing = 0;
		};
/* End PBXSourcesBuildPhase section */

/* Begin XCBuildConfiguration section */
		DEE6D1BE2B569F4000C149A2 /* Debug */ = {
			isa = XCBuildConfiguration;
			buildSettings = {
				ALWAYS_SEARCH_USER_PATHS = NO;
				ASSETCATALOG_COMPILER_GENERATE_SWIFT_ASSET_SYMBOL_EXTENSIONS = YES;
				CLANG_ANALYZER_NONNULL = YES;
				CLANG_ANALYZER_NUMBER_OBJECT_CONVERSION = YES_AGGRESSIVE;
				CLANG_CXX_LANGUAGE_STANDARD = "gnu++20";
				CLANG_ENABLE_MODULES = YES;
				CLANG_ENABLE_OBJC_ARC = YES;
				CLANG_ENABLE_OBJC_WEAK = YES;
				CLANG_WARN_BLOCK_CAPTURE_AUTORELEASING = YES;
				CLANG_WARN_BOOL_CONVERSION = YES;
				CLANG_WARN_COMMA = YES;
				CLANG_WARN_CONSTANT_CONVERSION = YES;
				CLANG_WARN_DEPRECATED_OBJC_IMPLEMENTATIONS = YES;
				CLANG_WARN_DIRECT_OBJC_ISA_USAGE = YES_ERROR;
				CLANG_WARN_DOCUMENTATION_COMMENTS = YES;
				CLANG_WARN_EMPTY_BODY = YES;
				CLANG_WARN_ENUM_CONVERSION = YES;
				CLANG_WARN_INFINITE_RECURSION = YES;
				CLANG_WARN_INT_CONVERSION = YES;
				CLANG_WARN_NON_LITERAL_NULL_CONVERSION = YES;
				CLANG_WARN_OBJC_IMPLICIT_RETAIN_SELF = YES;
				CLANG_WARN_OBJC_LITERAL_CONVERSION = YES;
				CLANG_WARN_OBJC_ROOT_CLASS = YES_ERROR;
				CLANG_WARN_QUOTED_INCLUDE_IN_FRAMEWORK_HEADER = YES;
				CLANG_WARN_RANGE_LOOP_ANALYSIS = YES;
				CLANG_WARN_STRICT_PROTOTYPES = YES;
				CLANG_WARN_SUSPICIOUS_MOVE = YES;
				CLANG_WARN_UNGUARDED_AVAILABILITY = YES_AGGRESSIVE;
				CLANG_WARN_UNREACHABLE_CODE = YES;
				CLANG_WARN__DUPLICATE_METHOD_MATCH = YES;
				COPY_PHASE_STRIP = NO;
				DEBUG_INFORMATION_FORMAT = dwarf;
				ENABLE_STRICT_OBJC_MSGSEND = YES;
				ENABLE_TESTABILITY = YES;
				ENABLE_USER_SCRIPT_SANDBOXING = YES;
				GCC_C_LANGUAGE_STANDARD = gnu17;
				GCC_DYNAMIC_NO_PIC = NO;
				GCC_NO_COMMON_BLOCKS = YES;
				GCC_OPTIMIZATION_LEVEL = 0;
				GCC_PREPROCESSOR_DEFINITIONS = (
					"DEBUG=1",
					"$(inherited)",
				);
				GCC_WARN_64_TO_32_BIT_CONVERSION = YES;
				GCC_WARN_ABOUT_RETURN_TYPE = YES_ERROR;
				GCC_WARN_UNDECLARED_SELECTOR = YES;
				GCC_WARN_UNINITIALIZED_AUTOS = YES_AGGRESSIVE;
				GCC_WARN_UNUSED_FUNCTION = YES;
				GCC_WARN_UNUSED_VARIABLE = YES;
				IPHONEOS_DEPLOYMENT_TARGET = 17.0;
				LOCALIZATION_PREFERS_STRING_CATALOGS = YES;
				MTL_ENABLE_DEBUG_INFO = INCLUDE_SOURCE;
				MTL_FAST_MATH = YES;
				ONLY_ACTIVE_ARCH = YES;
				SDKROOT = iphoneos;
				SWIFT_ACTIVE_COMPILATION_CONDITIONS = "DEBUG $(inherited)";
				SWIFT_OPTIMIZATION_LEVEL = "-Onone";
			};
			name = Debug;
		};
		DEE6D1BF2B569F4000C149A2 /* Release */ = {
			isa = XCBuildConfiguration;
			buildSettings = {
				ALWAYS_SEARCH_USER_PATHS = NO;
				ASSETCATALOG_COMPILER_GENERATE_SWIFT_ASSET_SYMBOL_EXTENSIONS = YES;
				CLANG_ANALYZER_NONNULL = YES;
				CLANG_ANALYZER_NUMBER_OBJECT_CONVERSION = YES_AGGRESSIVE;
				CLANG_CXX_LANGUAGE_STANDARD = "gnu++20";
				CLANG_ENABLE_MODULES = YES;
				CLANG_ENABLE_OBJC_ARC = YES;
				CLANG_ENABLE_OBJC_WEAK = YES;
				CLANG_WARN_BLOCK_CAPTURE_AUTORELEASING = YES;
				CLANG_WARN_BOOL_CONVERSION = YES;
				CLANG_WARN_COMMA = YES;
				CLANG_WARN_CONSTANT_CONVERSION = YES;
				CLANG_WARN_DEPRECATED_OBJC_IMPLEMENTATIONS = YES;
				CLANG_WARN_DIRECT_OBJC_ISA_USAGE = YES_ERROR;
				CLANG_WARN_DOCUMENTATION_COMMENTS = YES;
				CLANG_WARN_EMPTY_BODY = YES;
				CLANG_WARN_ENUM_CONVERSION = YES;
				CLANG_WARN_INFINITE_RECURSION = YES;
				CLANG_WARN_INT_CONVERSION = YES;
				CLANG_WARN_NON_LITERAL_NULL_CONVERSION = YES;
				CLANG_WARN_OBJC_IMPLICIT_RETAIN_SELF = YES;
				CLANG_WARN_OBJC_LITERAL_CONVERSION = YES;
				CLANG_WARN_OBJC_ROOT_CLASS = YES_ERROR;
				CLANG_WARN_QUOTED_INCLUDE_IN_FRAMEWORK_HEADER = YES;
				CLANG_WARN_RANGE_LOOP_ANALYSIS = YES;
				CLANG_WARN_STRICT_PROTOTYPES = YES;
				CLANG_WARN_SUSPICIOUS_MOVE = YES;
				CLANG_WARN_UNGUARDED_AVAILABILITY = YES_AGGRESSIVE;
				CLANG_WARN_UNREACHABLE_CODE = YES;
				CLANG_WARN__DUPLICATE_METHOD_MATCH = YES;
				COPY_PHASE_STRIP = NO;
				DEBUG_INFORMATION_FORMAT = "dwarf-with-dsym";
				ENABLE_NS_ASSERTIONS = NO;
				ENABLE_STRICT_OBJC_MSGSEND = YES;
				ENABLE_USER_SCRIPT_SANDBOXING = YES;
				GCC_C_LANGUAGE_STANDARD = gnu17;
				GCC_NO_COMMON_BLOCKS = YES;
				GCC_WARN_64_TO_32_BIT_CONVERSION = YES;
				GCC_WARN_ABOUT_RETURN_TYPE = YES_ERROR;
				GCC_WARN_UNDECLARED_SELECTOR = YES;
				GCC_WARN_UNINITIALIZED_AUTOS = YES_AGGRESSIVE;
				GCC_WARN_UNUSED_FUNCTION = YES;
				GCC_WARN_UNUSED_VARIABLE = YES;
				IPHONEOS_DEPLOYMENT_TARGET = 17.0;
				LOCALIZATION_PREFERS_STRING_CATALOGS = YES;
				MTL_ENABLE_DEBUG_INFO = NO;
				MTL_FAST_MATH = YES;
				SDKROOT = iphoneos;
				SWIFT_COMPILATION_MODE = wholemodule;
				VALIDATE_PRODUCT = YES;
			};
			name = Release;
		};
		DEE6D1C12B569F4000C149A2 /* Debug */ = {
			isa = XCBuildConfiguration;
			buildSettings = {
				ASSETCATALOG_COMPILER_APPICON_NAME = AppIcon;
				ASSETCATALOG_COMPILER_GLOBAL_ACCENT_COLOR_NAME = AccentColor;
				CODE_SIGN_STYLE = Automatic;
				CURRENT_PROJECT_VERSION = 1;
				DEVELOPMENT_ASSET_PATHS = "\"CryptoApp-SwiftUI/Preview Content\"";
				DEVELOPMENT_TEAM = JKQNUCPDQL;
				ENABLE_PREVIEWS = YES;
				GENERATE_INFOPLIST_FILE = YES;
				INFOPLIST_KEY_CFBundleDisplayName = "Crypto Tracker";
				INFOPLIST_KEY_UIApplicationSceneManifest_Generation = YES;
				INFOPLIST_KEY_UIApplicationSupportsIndirectInputEvents = YES;
				INFOPLIST_KEY_UILaunchScreen_Generation = YES;
				INFOPLIST_KEY_UISupportedInterfaceOrientations = UIInterfaceOrientationPortrait;
				INFOPLIST_KEY_UISupportedInterfaceOrientations_iPad = "UIInterfaceOrientationLandscapeLeft UIInterfaceOrientationLandscapeRight UIInterfaceOrientationPortrait UIInterfaceOrientationPortraitUpsideDown";
				LD_RUNPATH_SEARCH_PATHS = (
					"$(inherited)",
					"@executable_path/Frameworks",
				);
				MARKETING_VERSION = 1.0;
				PRODUCT_BUNDLE_IDENTIFIER = "com.agorkem.CryptoApp-SwiftUI";
				PRODUCT_NAME = "$(TARGET_NAME)";
				SUPPORTED_PLATFORMS = "iphoneos iphonesimulator";
				SUPPORTS_MACCATALYST = NO;
				SUPPORTS_MAC_DESIGNED_FOR_IPHONE_IPAD = NO;
				SWIFT_EMIT_LOC_STRINGS = YES;
				SWIFT_VERSION = 5.0;
				TARGETED_DEVICE_FAMILY = "1,2";
			};
			name = Debug;
		};
		DEE6D1C22B569F4000C149A2 /* Release */ = {
			isa = XCBuildConfiguration;
			buildSettings = {
				ASSETCATALOG_COMPILER_APPICON_NAME = AppIcon;
				ASSETCATALOG_COMPILER_GLOBAL_ACCENT_COLOR_NAME = AccentColor;
				CODE_SIGN_STYLE = Automatic;
				CURRENT_PROJECT_VERSION = 1;
				DEVELOPMENT_ASSET_PATHS = "\"CryptoApp-SwiftUI/Preview Content\"";
				DEVELOPMENT_TEAM = JKQNUCPDQL;
				ENABLE_PREVIEWS = YES;
				GENERATE_INFOPLIST_FILE = YES;
				INFOPLIST_KEY_CFBundleDisplayName = "Crypto Tracker";
				INFOPLIST_KEY_UIApplicationSceneManifest_Generation = YES;
				INFOPLIST_KEY_UIApplicationSupportsIndirectInputEvents = YES;
				INFOPLIST_KEY_UILaunchScreen_Generation = YES;
				INFOPLIST_KEY_UISupportedInterfaceOrientations = UIInterfaceOrientationPortrait;
				INFOPLIST_KEY_UISupportedInterfaceOrientations_iPad = "UIInterfaceOrientationLandscapeLeft UIInterfaceOrientationLandscapeRight UIInterfaceOrientationPortrait UIInterfaceOrientationPortraitUpsideDown";
				LD_RUNPATH_SEARCH_PATHS = (
					"$(inherited)",
					"@executable_path/Frameworks",
				);
				MARKETING_VERSION = 1.0;
				PRODUCT_BUNDLE_IDENTIFIER = "com.agorkem.CryptoApp-SwiftUI";
				PRODUCT_NAME = "$(TARGET_NAME)";
				SUPPORTED_PLATFORMS = "iphoneos iphonesimulator";
				SUPPORTS_MACCATALYST = NO;
				SUPPORTS_MAC_DESIGNED_FOR_IPHONE_IPAD = NO;
				SWIFT_EMIT_LOC_STRINGS = YES;
				SWIFT_VERSION = 5.0;
				TARGETED_DEVICE_FAMILY = "1,2";
			};
			name = Release;
		};
/* End XCBuildConfiguration section */

/* Begin XCConfigurationList section */
		DEE6D1AD2B569F3E00C149A2 /* Build configuration list for PBXProject "CryptoApp-SwiftUI" */ = {
			isa = XCConfigurationList;
			buildConfigurations = (
				DEE6D1BE2B569F4000C149A2 /* Debug */,
				DEE6D1BF2B569F4000C149A2 /* Release */,
			);
			defaultConfigurationIsVisible = 0;
			defaultConfigurationName = Release;
		};
		DEE6D1C02B569F4000C149A2 /* Build configuration list for PBXNativeTarget "CryptoApp-SwiftUI" */ = {
			isa = XCConfigurationList;
			buildConfigurations = (
				DEE6D1C12B569F4000C149A2 /* Debug */,
				DEE6D1C22B569F4000C149A2 /* Release */,
			);
			defaultConfigurationIsVisible = 0;
			defaultConfigurationName = Release;
		};
/* End XCConfigurationList section */
	};
	rootObject = DEE6D1AA2B569F3E00C149A2 /* Project object */;
}
